// !$*UTF8*$!
{
	archiveVersion = 1;
	classes = {
	};
	objectVersion = 46;
	objects = {

/* Begin PBXBuildFile section */
		C6BA05D51E42195000BBEA39 /* card.swift in Sources */ = {isa = PBXBuildFile; fileRef = C6BA05D41E42195000BBEA39 /* card.swift */; };
		C6BA05D71E4219BF00BBEA39 /* deck.swift in Sources */ = {isa = PBXBuildFile; fileRef = C6BA05D61E4219BF00BBEA39 /* deck.swift */; };
		C6BA05DB1E421B7800BBEA39 /* war.swift in Sources */ = {isa = PBXBuildFile; fileRef = C6BA05DA1E421B7800BBEA39 /* war.swift */; };
		C6BE01C21DF9E70100D4DC13 /* main.swift in Sources */ = {isa = PBXBuildFile; fileRef = C6BE01C11DF9E70100D4DC13 /* main.swift */; };
/* End PBXBuildFile section */

/* Begin PBXCopyFilesBuildPhase section */
		C6BE01BC1DF9E70100D4DC13 /* CopyFiles */ = {
			isa = PBXCopyFilesBuildPhase;
			buildActionMask = 2147483647;
			dstPath = /usr/share/man/man1/;
			dstSubfolderSpec = 0;
			files = (
			);
			runOnlyForDeploymentPostprocessing = 1;
		};
/* End PBXCopyFilesBuildPhase section */

/* Begin PBXFileReference section */
		C6BA05D41E42195000BBEA39 /* card.swift */ = {isa = PBXFileReference; fileEncoding = 4; lastKnownFileType = sourcecode.swift; path = card.swift; sourceTree = "<group>"; };
		C6BA05D61E4219BF00BBEA39 /* deck.swift */ = {isa = PBXFileReference; fileEncoding = 4; lastKnownFileType = sourcecode.swift; path = deck.swift; sourceTree = "<group>"; };
		C6BA05DA1E421B7800BBEA39 /* war.swift */ = {isa = PBXFileReference; fileEncoding = 4; lastKnownFileType = sourcecode.swift; path = war.swift; sourceTree = "<group>"; };
		C6BE01BE1DF9E70100D4DC13 /* war */ = {isa = PBXFileReference; explicitFileType = "compiled.mach-o.executable"; includeInIndex = 0; path = war; sourceTree = BUILT_PRODUCTS_DIR; };
		C6BE01C11DF9E70100D4DC13 /* main.swift */ = {isa = PBXFileReference; lastKnownFileType = sourcecode.swift; path = main.swift; sourceTree = "<group>"; usesTabs = 1; };
/* End PBXFileReference section */

/* Begin PBXFrameworksBuildPhase section */
		C6BE01BB1DF9E70100D4DC13 /* Frameworks */ = {
			isa = PBXFrameworksBuildPhase;
			buildActionMask = 2147483647;
			files = (
			);
			runOnlyForDeploymentPostprocessing = 0;
		};
/* End PBXFrameworksBuildPhase section */

/* Begin PBXGroup section */
		C6BE01B51DF9E70100D4DC13 = {
			isa = PBXGroup;
			children = (
				C6BE01C01DF9E70100D4DC13 /* war */,
				C6BE01BF1DF9E70100D4DC13 /* Products */,
			);
			sourceTree = "<group>";
		};
		C6BE01BF1DF9E70100D4DC13 /* Products */ = {
			isa = PBXGroup;
			children = (
				C6BE01BE1DF9E70100D4DC13 /* war */,
			);
			name = Products;
			sourceTree = "<group>";
		};
		C6BE01C01DF9E70100D4DC13 /* war */ = {
			isa = PBXGroup;
			children = (
				C6BE01C11DF9E70100D4DC13 /* main.swift */,
				C6BA05D41E42195000BBEA39 /* card.swift */,
				C6BA05D61E4219BF00BBEA39 /* deck.swift */,
				C6BA05DA1E421B7800BBEA39 /* war.swift */,
			);
			path = war;
			sourceTree = "<group>";
		};
/* End PBXGroup section */

/* Begin PBXNativeTarget section */
		C6BE01BD1DF9E70100D4DC13 /* war */ = {
			isa = PBXNativeTarget;
			buildConfigurationList = C6BE01C51DF9E70100D4DC13 /* Build configuration list for PBXNativeTarget "war" */;
			buildPhases = (
				C6BE01BA1DF9E70100D4DC13 /* Sources */,
				C6BE01BB1DF9E70100D4DC13 /* Frameworks */,
				C6BE01BC1DF9E70100D4DC13 /* CopyFiles */,
			);
			buildRules = (
			);
			dependencies = (
			);
			name = war;
			productName = war;
			productReference = C6BE01BE1DF9E70100D4DC13 /* war */;
			productType = "com.apple.product-type.tool";
		};
/* End PBXNativeTarget section */

/* Begin PBXProject section */
		C6BE01B61DF9E70100D4DC13 /* Project object */ = {
			isa = PBXProject;
			attributes = {
				LastSwiftUpdateCheck = 0800;
				LastUpgradeCheck = 0800;
				ORGANIZATIONNAME = "Brendan Leder";
				TargetAttributes = {
					C6BE01BD1DF9E70100D4DC13 = {
						CreatedOnToolsVersion = 8.0;
						DevelopmentTeam = W4883LG747;
						ProvisioningStyle = Automatic;
					};
				};
			};
			buildConfigurationList = C6BE01B91DF9E70100D4DC13 /* Build configuration list for PBXProject "war" */;
			compatibilityVersion = "Xcode 3.2";
			developmentRegion = English;
			hasScannedForEncodings = 0;
			knownRegions = (
				en,
			);
			mainGroup = C6BE01B51DF9E70100D4DC13;
			productRefGroup = C6BE01BF1DF9E70100D4DC13 /* Products */;
			projectDirPath = "";
			projectRoot = "";
			targets = (
				C6BE01BD1DF9E70100D4DC13 /* war */,
			);
		};
/* End PBXProject section */

/* Begin PBXSourcesBuildPhase section */
		C6BE01BA1DF9E70100D4DC13 /* Sources */ = {
			isa = PBXSourcesBuildPhase;
			buildActionMask = 2147483647;
			files = (
				C6BA05DB1E421B7800BBEA39 /* war.swift in Sources */,
				C6BE01C21DF9E70100D4DC13 /* main.swift in Sources */,
				C6BA05D51E42195000BBEA39 /* card.swift in Sources */,
				C6BA05D71E4219BF00BBEA39 /* deck.swift in Sources */,
			);
			runOnlyForDeploymentPostprocessing = 0;
		};
/* End PBXSourcesBuildPhase section */

/* Begin XCBuildConfiguration section */
		C6BE01C31DF9E70100D4DC13 /* Debug */ = {
			isa = XCBuildConfiguration;
			buildSettings = {
				ALWAYS_SEARCH_USER_PATHS = NO;
				CLANG_ANALYZER_NONNULL = YES;
				CLANG_CXX_LANGUAGE_STANDARD = "gnu++0x";
				CLANG_CXX_LIBRARY = "libc++";
				CLANG_ENABLE_MODULES = YES;
				CLANG_ENABLE_OBJC_ARC = YES;
				CLANG_WARN_BOOL_CONVERSION = YES;
				CLANG_WARN_CONSTANT_CONVERSION = YES;
				CLANG_WARN_DIRECT_OBJC_ISA_USAGE = YES_ERROR;
				CLANG_WARN_DOCUMENTATION_COMMENTS = YES;
				CLANG_WARN_EMPTY_BODY = YES;
				CLANG_WARN_ENUM_CONVERSION = YES;
				CLANG_WARN_INFINITE_RECURSION = YES;
				CLANG_WARN_INT_CONVERSION = YES;
				CLANG_WARN_OBJC_ROOT_CLASS = YES_ERROR;
				CLANG_WARN_SUSPICIOUS_MOVES = YES;
				CLANG_WARN_UNREACHABLE_CODE = YES;
				CLANG_WARN__DUPLICATE_METHOD_MATCH = YES;
				CODE_SIGN_IDENTITY = "-";
				COPY_PHASE_STRIP = NO;
				DEBUG_INFORMATION_FORMAT = dwarf;
				ENABLE_STRICT_OBJC_MSGSEND = YES;
				ENABLE_TESTABILITY = YES;
				GCC_C_LANGUAGE_STANDARD = gnu99;
				GCC_DYNAMIC_NO_PIC = NO;
				GCC_NO_COMMON_BLOCKS = YES;
				GCC_OPTIMIZATION_LEVEL = 0;
				GCC_PREPROCESSOR_DEFINITIONS = (
					"DEBUG=1",
					"$(inherited)",
				);
				GCC_WARN_64_TO_32_BIT_CONVERSION = YES;
				GCC_WARN_ABOUT_RETURN_TYPE = YES_ERROR;
				GCC_WARN_UNDECLARED_SELECTOR = YES;
				GCC_WARN_UNINITIALIZED_AUTOS = YES_AGGRESSIVE;
				GCC_WARN_UNUSED_FUNCTION = YES;
				GCC_WARN_UNUSED_VARIABLE = YES;
				MACOSX_DEPLOYMENT_TARGET = 10.11;
				MTL_ENABLE_DEBUG_INFO = YES;
				ONLY_ACTIVE_ARCH = YES;
				SDKROOT = macosx;
				SWIFT_OPTIMIZATION_LEVEL = "-Onone";
			};
			name = Debug;
		};
		C6BE01C41DF9E70100D4DC13 /* Release */ = {
			isa = XCBuildConfiguration;
			buildSettings = {
				ALWAYS_SEARCH_USER_PATHS = NO;
				CLANG_ANALYZER_NONNULL = YES;
				CLANG_CXX_LANGUAGE_STANDARD = "gnu++0x";
				CLANG_CXX_LIBRARY = "libc++";
				CLANG_ENABLE_MODULES = YES;
				CLANG_ENABLE_OBJC_ARC = YES;
				CLANG_WARN_BOOL_CONVERSION = YES;
				CLANG_WARN_CONSTANT_CONVERSION = YES;
				CLANG_WARN_DIRECT_OBJC_ISA_USAGE = YES_ERROR;
				CLANG_WARN_DOCUMENTATION_COMMENTS = YES;
				CLANG_WARN_EMPTY_BODY = YES;
				CLANG_WARN_ENUM_CONVERSION = YES;
				CLANG_WARN_INFINITE_RECURSION = YES;
				CLANG_WARN_INT_CONVERSION = YES;
				CLANG_WARN_OBJC_ROOT_CLASS = YES_ERROR;
				CLANG_WARN_SUSPICIOUS_MOVES = YES;
				CLANG_WARN_UNREACHABLE_CODE = YES;
				CLANG_WARN__DUPLICATE_METHOD_MATCH = YES;
				CODE_SIGN_IDENTITY = "-";
				COPY_PHASE_STRIP = NO;
				DEBUG_INFORMATION_FORMAT = "dwarf-with-dsym";
				ENABLE_NS_ASSERTIONS = NO;
				ENABLE_STRICT_OBJC_MSGSEND = YES;
				GCC_C_LANGUAGE_STANDARD = gnu99;
				GCC_NO_COMMON_BLOCKS = YES;
				GCC_WARN_64_TO_32_BIT_CONVERSION = YES;
				GCC_WARN_ABOUT_RETURN_TYPE = YES_ERROR;
				GCC_WARN_UNDECLARED_SELECTOR = YES;
				GCC_WARN_UNINITIALIZED_AUTOS = YES_AGGRESSIVE;
				GCC_WARN_UNUSED_FUNCTION = YES;
				GCC_WARN_UNUSED_VARIABLE = YES;
				MACOSX_DEPLOYMENT_TARGET = 10.11;
				MTL_ENABLE_DEBUG_INFO = NO;
				SDKROOT = macosx;
			};
			name = Release;
		};
		C6BE01C61DF9E70100D4DC13 /* Debug */ = {
			isa = XCBuildConfiguration;
			buildSettings = {
				DEVELOPMENT_TEAM = W4883LG747;
				PRODUCT_NAME = "$(TARGET_NAME)";
				SWIFT_VERSION = 3.0;
			};
			name = Debug;
		};
		C6BE01C71DF9E70100D4DC13 /* Release */ = {
			isa = XCBuildConfiguration;
			buildSettings = {
				DEVELOPMENT_TEAM = W4883LG747;
				PRODUCT_NAME = "$(TARGET_NAME)";
				SWIFT_VERSION = 3.0;
			};
			name = Release;
		};
/* End XCBuildConfiguration section */

/* Begin XCConfigurationList section */
		C6BE01B91DF9E70100D4DC13 /* Build configuration list for PBXProject "war" */ = {
			isa = XCConfigurationList;
			buildConfigurations = (
				C6BE01C31DF9E70100D4DC13 /* Debug */,
				C6BE01C41DF9E70100D4DC13 /* Release */,
			);
			defaultConfigurationIsVisible = 0;
			defaultConfigurationName = Release;
		};
		C6BE01C51DF9E70100D4DC13 /* Build configuration list for PBXNativeTarget "war" */ = {
			isa = XCConfigurationList;
			buildConfigurations = (
				C6BE01C61DF9E70100D4DC13 /* Debug */,
				C6BE01C71DF9E70100D4DC13 /* Release */,
			);
			defaultConfigurationIsVisible = 0;
			defaultConfigurationName = Release;
		};
/* End XCConfigurationList section */
	};
	rootObject = C6BE01B61DF9E70100D4DC13 /* Project object */;
}
